// !$*UTF8*$!
{
	archiveVersion = 1;
	classes = {
	};
	objectVersion = 56;
	objects = {

/* Begin PBXBuildFile section */
		3023336D294033FE003114B4 /* coregraphics.cpp in Sources */ = {isa = PBXBuildFile; fileRef = 3023336C294033FD003114B4 /* coregraphics.cpp */; };
		303B6AA5294E28D400A4DEC6 /* corevideo.cpp in Sources */ = {isa = PBXBuildFile; fileRef = 303B6AA4294E28D400A4DEC6 /* corevideo.cpp */; };
		303B6AA7294F720F00A4DEC6 /* CoreVideo.framework in Frameworks */ = {isa = PBXBuildFile; fileRef = 303B6AA6294F720F00A4DEC6 /* CoreVideo.framework */; };
		309010FD292B7B72002D121D /* quartzcore.cpp in Sources */ = {isa = PBXBuildFile; fileRef = 309010FC292B7B72002D121D /* quartzcore.cpp */; };
		3090110C292EA3F9002D121D /* appkit.cpp in Sources */ = {isa = PBXBuildFile; fileRef = 3090110A292E9FB6002D121D /* appkit.cpp */; };
		30B19E54292738A0002BA9A2 /* foundation.cpp in Sources */ = {isa = PBXBuildFile; fileRef = 30B953122921B911007C8914 /* foundation.cpp */; };
		30B19E55292738A3002BA9A2 /* main.cpp in Sources */ = {isa = PBXBuildFile; fileRef = 30B953042920C60E007C8914 /* main.cpp */; };
		30B19E56292738A6002BA9A2 /* metal.cpp in Sources */ = {isa = PBXBuildFile; fileRef = 30B953142921B9FB007C8914 /* metal.cpp */; };
		30B19E57292738A8002BA9A2 /* objc.cpp in Sources */ = {isa = PBXBuildFile; fileRef = 30B953402921ED99007C8914 /* objc.cpp */; };
		30B19E58292738DC002BA9A2 /* Metal.framework in Frameworks */ = {isa = PBXBuildFile; fileRef = 30B953102920C8F1007C8914 /* Metal.framework */; };
		30B19E5A292738E1002BA9A2 /* Cocoa.framework in Frameworks */ = {isa = PBXBuildFile; fileRef = 30B19E59292738E1002BA9A2 /* Cocoa.framework */; };
/* End PBXBuildFile section */

/* Begin PBXCopyFilesBuildPhase section */
		30B19E4B29273892002BA9A2 /* CopyFiles */ = {
			isa = PBXCopyFilesBuildPhase;
			buildActionMask = 2147483647;
			dstPath = /usr/share/man/man1/;
			dstSubfolderSpec = 0;
			files = (
			);
			runOnlyForDeploymentPostprocessing = 1;
		};
/* End PBXCopyFilesBuildPhase section */

/* Begin PBXFileReference section */
		3023334E293621AC003114B4 /* MenuItem.hpp */ = {isa = PBXFileReference; lastKnownFileType = sourcecode.cpp.h; path = MenuItem.hpp; sourceTree = "<group>"; };
		3023334F2937BA30003114B4 /* Event.hpp */ = {isa = PBXFileReference; lastKnownFileType = sourcecode.cpp.h; path = Event.hpp; sourceTree = "<group>"; };
		302333502937BDD4003114B4 /* Bundle.hpp */ = {isa = PBXFileReference; lastKnownFileType = sourcecode.cpp.h; path = Bundle.hpp; sourceTree = "<group>"; };
		3023335129381CCC003114B4 /* Window.hpp */ = {isa = PBXFileReference; lastKnownFileType = sourcecode.cpp.h; path = Window.hpp; sourceTree = "<group>"; };
		3023335229382031003114B4 /* Geometry.hpp */ = {isa = PBXFileReference; lastKnownFileType = sourcecode.cpp.h; path = Geometry.hpp; sourceTree = "<group>"; };
		3023335329382128003114B4 /* Graphics.hpp */ = {isa = PBXFileReference; lastKnownFileType = sourcecode.cpp.h; path = Graphics.hpp; sourceTree = "<group>"; };
		3023335F2938279A003114B4 /* View.hpp */ = {isa = PBXFileReference; lastKnownFileType = sourcecode.cpp.h; path = View.hpp; sourceTree = "<group>"; };
		302333602938F450003114B4 /* Class.hpp */ = {isa = PBXFileReference; lastKnownFileType = sourcecode.cpp.h; path = Class.hpp; sourceTree = "<group>"; };
		30233364293D9C11003114B4 /* Private.hpp */ = {isa = PBXFileReference; lastKnownFileType = sourcecode.cpp.h; path = Private.hpp; sourceTree = "<group>"; };
		30233369293F0637003114B4 /* Date.hpp */ = {isa = PBXFileReference; lastKnownFileType = sourcecode.cpp.h; path = Date.hpp; sourceTree = "<group>"; };
		3023336B2940335F003114B4 /* ColorSpace.hpp */ = {isa = PBXFileReference; lastKnownFileType = sourcecode.cpp.h; path = ColorSpace.hpp; sourceTree = "<group>"; };
		3023336C294033FD003114B4 /* coregraphics.cpp */ = {isa = PBXFileReference; lastKnownFileType = sourcecode.cpp.cpp; path = coregraphics.cpp; sourceTree = "<group>"; };
		3023336F29403DAC003114B4 /* Color.hpp */ = {isa = PBXFileReference; lastKnownFileType = sourcecode.cpp.h; path = Color.hpp; sourceTree = "<group>"; };
		303B6AA3294E282600A4DEC6 /* DirectDisplay.hpp */ = {isa = PBXFileReference; lastKnownFileType = sourcecode.cpp.h; path = DirectDisplay.hpp; sourceTree = "<group>"; };
		303B6AA4294E28D400A4DEC6 /* corevideo.cpp */ = {isa = PBXFileReference; lastKnownFileType = sourcecode.cpp.cpp; path = corevideo.cpp; sourceTree = "<group>"; };
		303B6AA6294F720F00A4DEC6 /* CoreVideo.framework */ = {isa = PBXFileReference; lastKnownFileType = wrapper.framework; name = CoreVideo.framework; path = System/Library/Frameworks/CoreVideo.framework; sourceTree = SDKROOT; };
		309010D8292B7833002D121D /* BlitCommandEncoder.hpp */ = {isa = PBXFileReference; lastKnownFileType = sourcecode.cpp.h; path = BlitCommandEncoder.hpp; sourceTree = "<group>"; };
		309010D9292B7833002D121D /* CommandEncoder.hpp */ = {isa = PBXFileReference; lastKnownFileType = sourcecode.cpp.h; path = CommandEncoder.hpp; sourceTree = "<group>"; };
		309010DA292B7833002D121D /* DynamicLibrary.hpp */ = {isa = PBXFileReference; lastKnownFileType = sourcecode.cpp.h; path = DynamicLibrary.hpp; sourceTree = "<group>"; };
		309010DB292B7833002D121D /* Metal.hpp */ = {isa = PBXFileReference; lastKnownFileType = sourcecode.cpp.h; path = Metal.hpp; sourceTree = "<group>"; };
		309010DC292B7833002D121D /* CommandBuffer.hpp */ = {isa = PBXFileReference; lastKnownFileType = sourcecode.cpp.h; path = CommandBuffer.hpp; sourceTree = "<group>"; };
		309010DD292B7833002D121D /* Library.hpp */ = {isa = PBXFileReference; lastKnownFileType = sourcecode.cpp.h; path = Library.hpp; sourceTree = "<group>"; };
		309010DF292B7833002D121D /* StageInputOutputDescriptor.hpp */ = {isa = PBXFileReference; lastKnownFileType = sourcecode.cpp.h; path = StageInputOutputDescriptor.hpp; sourceTree = "<group>"; };
		309010E0292B7833002D121D /* DepthStencil.hpp */ = {isa = PBXFileReference; lastKnownFileType = sourcecode.cpp.h; path = DepthStencil.hpp; sourceTree = "<group>"; };
		309010E1292B7833002D121D /* RenderPass.hpp */ = {isa = PBXFileReference; lastKnownFileType = sourcecode.cpp.h; path = RenderPass.hpp; sourceTree = "<group>"; };
		309010E2292B7833002D121D /* Texture.hpp */ = {isa = PBXFileReference; lastKnownFileType = sourcecode.cpp.h; path = Texture.hpp; sourceTree = "<group>"; };
		309010E3292B7833002D121D /* Drawable.hpp */ = {isa = PBXFileReference; lastKnownFileType = sourcecode.cpp.h; path = Drawable.hpp; sourceTree = "<group>"; };
		309010E4292B7833002D121D /* Device.hpp */ = {isa = PBXFileReference; lastKnownFileType = sourcecode.cpp.h; path = Device.hpp; sourceTree = "<group>"; };
		309010E5292B7833002D121D /* Sampler.hpp */ = {isa = PBXFileReference; lastKnownFileType = sourcecode.cpp.h; path = Sampler.hpp; sourceTree = "<group>"; };
		309010E6292B7833002D121D /* Buffer.hpp */ = {isa = PBXFileReference; lastKnownFileType = sourcecode.cpp.h; path = Buffer.hpp; sourceTree = "<group>"; };
		309010E7292B7833002D121D /* VertexDescriptor.hpp */ = {isa = PBXFileReference; lastKnownFileType = sourcecode.cpp.h; path = VertexDescriptor.hpp; sourceTree = "<group>"; };
		309010E8292B7833002D121D /* RenderPipeline.hpp */ = {isa = PBXFileReference; lastKnownFileType = sourcecode.cpp.h; path = RenderPipeline.hpp; sourceTree = "<group>"; };
		309010E9292B7833002D121D /* RenderCommandEncoder.hpp */ = {isa = PBXFileReference; lastKnownFileType = sourcecode.cpp.h; path = RenderCommandEncoder.hpp; sourceTree = "<group>"; };
		309010EA292B7833002D121D /* PixelFormat.hpp */ = {isa = PBXFileReference; lastKnownFileType = sourcecode.cpp.h; path = PixelFormat.hpp; sourceTree = "<group>"; };
		309010EB292B7833002D121D /* CommandQueue.hpp */ = {isa = PBXFileReference; lastKnownFileType = sourcecode.cpp.h; path = CommandQueue.hpp; sourceTree = "<group>"; };
		309010EC292B7833002D121D /* Resource.hpp */ = {isa = PBXFileReference; lastKnownFileType = sourcecode.cpp.h; path = Resource.hpp; sourceTree = "<group>"; };
		309010EE292B7833002D121D /* Dictionary.hpp */ = {isa = PBXFileReference; lastKnownFileType = sourcecode.cpp.h; path = Dictionary.hpp; sourceTree = "<group>"; };
		309010F0292B7833002D121D /* Array.hpp */ = {isa = PBXFileReference; lastKnownFileType = sourcecode.cpp.h; path = Array.hpp; sourceTree = "<group>"; };
		309010F1292B7833002D121D /* Error.hpp */ = {isa = PBXFileReference; lastKnownFileType = sourcecode.cpp.h; path = Error.hpp; sourceTree = "<group>"; };
		309010F2292B7833002D121D /* String.hpp */ = {isa = PBXFileReference; lastKnownFileType = sourcecode.cpp.h; path = String.hpp; sourceTree = "<group>"; };
		309010F3292B7833002D121D /* AutoreleasePool.hpp */ = {isa = PBXFileReference; lastKnownFileType = sourcecode.cpp.h; path = AutoreleasePool.hpp; sourceTree = "<group>"; };
		309010F4292B7833002D121D /* Range.hpp */ = {isa = PBXFileReference; lastKnownFileType = sourcecode.cpp.h; path = Range.hpp; sourceTree = "<group>"; };
		309010F6292B7833002D121D /* MetalLayer.hpp */ = {isa = PBXFileReference; lastKnownFileType = sourcecode.cpp.h; path = MetalLayer.hpp; sourceTree = "<group>"; };
		309010F7292B7833002D121D /* Layer.hpp */ = {isa = PBXFileReference; lastKnownFileType = sourcecode.cpp.h; path = Layer.hpp; sourceTree = "<group>"; };
		309010FB292B7833002D121D /* Object.hpp */ = {isa = PBXFileReference; lastKnownFileType = sourcecode.cpp.h; path = Object.hpp; sourceTree = "<group>"; };
		309010FC292B7B72002D121D /* quartzcore.cpp */ = {isa = PBXFileReference; lastKnownFileType = sourcecode.cpp.cpp; path = quartzcore.cpp; sourceTree = "<group>"; };
		30901104292B8B38002D121D /* Types.hpp */ = {isa = PBXFileReference; lastKnownFileType = sourcecode.cpp.h; path = Types.hpp; sourceTree = "<group>"; };
		30901105292CCCCE002D121D /* Runtime.hpp */ = {isa = PBXFileReference; lastKnownFileType = sourcecode.cpp.h; path = Runtime.hpp; sourceTree = "<group>"; };
		30901109292E9F48002D121D /* Application.hpp */ = {isa = PBXFileReference; lastKnownFileType = sourcecode.cpp.h; path = Application.hpp; sourceTree = "<group>"; };
		3090110A292E9FB6002D121D /* appkit.cpp */ = {isa = PBXFileReference; lastKnownFileType = sourcecode.cpp.cpp; path = appkit.cpp; sourceTree = "<group>"; };
		309011102930C2A1002D121D /* CoreVideoErrorCategory.hpp */ = {isa = PBXFileReference; lastKnownFileType = sourcecode.cpp.h; path = CoreVideoErrorCategory.hpp; sourceTree = "<group>"; };
		309011112930C2A1002D121D /* DisplayLink.hpp */ = {isa = PBXFileReference; lastKnownFileType = sourcecode.cpp.h; path = DisplayLink.hpp; sourceTree = "<group>"; };
		309011122930D42A002D121D /* Screen.hpp */ = {isa = PBXFileReference; lastKnownFileType = sourcecode.cpp.h; path = Screen.hpp; sourceTree = "<group>"; };
		3090111529350B42002D121D /* Menu.hpp */ = {isa = PBXFileReference; lastKnownFileType = sourcecode.cpp.h; path = Menu.hpp; sourceTree = "<group>"; };
		30B19E4D29273892002BA9A2 /* tests */ = {isa = PBXFileReference; explicitFileType = "compiled.mach-o.executable"; includeInIndex = 0; path = tests; sourceTree = BUILT_PRODUCTS_DIR; };
		30B19E59292738E1002BA9A2 /* Cocoa.framework */ = {isa = PBXFileReference; lastKnownFileType = wrapper.framework; name = Cocoa.framework; path = System/Library/Frameworks/Cocoa.framework; sourceTree = SDKROOT; };
		30B953042920C60E007C8914 /* main.cpp */ = {isa = PBXFileReference; lastKnownFileType = sourcecode.cpp.cpp; path = main.cpp; sourceTree = "<group>"; };
		30B953102920C8F1007C8914 /* Metal.framework */ = {isa = PBXFileReference; lastKnownFileType = wrapper.framework; name = Metal.framework; path = System/Library/Frameworks/Metal.framework; sourceTree = SDKROOT; };
		30B953122921B911007C8914 /* foundation.cpp */ = {isa = PBXFileReference; lastKnownFileType = sourcecode.cpp.cpp; path = foundation.cpp; sourceTree = "<group>"; };
		30B953142921B9FB007C8914 /* metal.cpp */ = {isa = PBXFileReference; lastKnownFileType = sourcecode.cpp.cpp; path = metal.cpp; sourceTree = "<group>"; };
		30B953402921ED99007C8914 /* objc.cpp */ = {isa = PBXFileReference; lastKnownFileType = sourcecode.cpp.cpp; path = objc.cpp; sourceTree = "<group>"; };
/* End PBXFileReference section */

/* Begin PBXFrameworksBuildPhase section */
		30B19E4A29273892002BA9A2 /* Frameworks */ = {
			isa = PBXFrameworksBuildPhase;
			buildActionMask = 2147483647;
			files = (
				303B6AA7294F720F00A4DEC6 /* CoreVideo.framework in Frameworks */,
				30B19E5A292738E1002BA9A2 /* Cocoa.framework in Frameworks */,
				30B19E58292738DC002BA9A2 /* Metal.framework in Frameworks */,
			);
			runOnlyForDeploymentPostprocessing = 0;
		};
/* End PBXFrameworksBuildPhase section */

/* Begin PBXGroup section */
		3023336A2940333E003114B4 /* coregraphics */ = {
			isa = PBXGroup;
			children = (
				3023336F29403DAC003114B4 /* Color.hpp */,
				3023336B2940335F003114B4 /* ColorSpace.hpp */,
				303B6AA3294E282600A4DEC6 /* DirectDisplay.hpp */,
			);
			path = coregraphics;
			sourceTree = "<group>";
		};
		309010D6292B7833002D121D /* include */ = {
			isa = PBXGroup;
			children = (
				30901108292E9C6B002D121D /* appkit */,
				30901102292B8B0B002D121D /* corefoundation */,
				3023336A2940333E003114B4 /* coregraphics */,
				3090110F2930C251002D121D /* corevideo */,
				309010ED292B7833002D121D /* foundation */,
				309010D7292B7833002D121D /* metal */,
				309010F8292B7833002D121D /* objc */,
				309010F5292B7833002D121D /* quartzcore */,
			);
			name = include;
			path = ../include;
			sourceTree = "<group>";
		};
		309010D7292B7833002D121D /* metal */ = {
			isa = PBXGroup;
			children = (
				309010D8292B7833002D121D /* BlitCommandEncoder.hpp */,
				309010E6292B7833002D121D /* Buffer.hpp */,
				309010DC292B7833002D121D /* CommandBuffer.hpp */,
				309010D9292B7833002D121D /* CommandEncoder.hpp */,
				309010EB292B7833002D121D /* CommandQueue.hpp */,
				309010E0292B7833002D121D /* DepthStencil.hpp */,
				309010E4292B7833002D121D /* Device.hpp */,
				309010E3292B7833002D121D /* Drawable.hpp */,
				309010DA292B7833002D121D /* DynamicLibrary.hpp */,
				309010DD292B7833002D121D /* Library.hpp */,
				309010DB292B7833002D121D /* Metal.hpp */,
				309010EA292B7833002D121D /* PixelFormat.hpp */,
				309010E9292B7833002D121D /* RenderCommandEncoder.hpp */,
				309010E1292B7833002D121D /* RenderPass.hpp */,
				309010E8292B7833002D121D /* RenderPipeline.hpp */,
				309010EC292B7833002D121D /* Resource.hpp */,
				309010E5292B7833002D121D /* Sampler.hpp */,
				309010DF292B7833002D121D /* StageInputOutputDescriptor.hpp */,
				309010E2292B7833002D121D /* Texture.hpp */,
				309010E7292B7833002D121D /* VertexDescriptor.hpp */,
			);
			path = metal;
			sourceTree = "<group>";
		};
		309010ED292B7833002D121D /* foundation */ = {
			isa = PBXGroup;
			children = (
				309010F0292B7833002D121D /* Array.hpp */,
				309010F3292B7833002D121D /* AutoreleasePool.hpp */,
				302333502937BDD4003114B4 /* Bundle.hpp */,
				30233369293F0637003114B4 /* Date.hpp */,
				309010EE292B7833002D121D /* Dictionary.hpp */,
				309010F1292B7833002D121D /* Error.hpp */,
				3023335229382031003114B4 /* Geometry.hpp */,
				309010F4292B7833002D121D /* Range.hpp */,
				309010F2292B7833002D121D /* String.hpp */,
			);
			path = foundation;
			sourceTree = "<group>";
		};
		309010F5292B7833002D121D /* quartzcore */ = {
			isa = PBXGroup;
			children = (
				309010F7292B7833002D121D /* Layer.hpp */,
				309010F6292B7833002D121D /* MetalLayer.hpp */,
			);
			path = quartzcore;
			sourceTree = "<group>";
		};
		309010F8292B7833002D121D /* objc */ = {
			isa = PBXGroup;
			children = (
				302333602938F450003114B4 /* Class.hpp */,
				309010FB292B7833002D121D /* Object.hpp */,
				30901105292CCCCE002D121D /* Runtime.hpp */,
				30233364293D9C11003114B4 /* Private.hpp */,
			);
			path = objc;
			sourceTree = "<group>";
		};
		30901102292B8B0B002D121D /* corefoundation */ = {
			isa = PBXGroup;
			children = (
				30901104292B8B38002D121D /* Types.hpp */,
			);
			path = corefoundation;
			sourceTree = "<group>";
		};
		30901108292E9C6B002D121D /* appkit */ = {
			isa = PBXGroup;
			children = (
				30901109292E9F48002D121D /* Application.hpp */,
				3023334F2937BA30003114B4 /* Event.hpp */,
				3023335329382128003114B4 /* Graphics.hpp */,
				3090111529350B42002D121D /* Menu.hpp */,
				3023334E293621AC003114B4 /* MenuItem.hpp */,
				309011122930D42A002D121D /* Screen.hpp */,
				3023335F2938279A003114B4 /* View.hpp */,
				3023335129381CCC003114B4 /* Window.hpp */,
			);
			path = appkit;
			sourceTree = "<group>";
		};
		3090110F2930C251002D121D /* corevideo */ = {
			isa = PBXGroup;
			children = (
				309011102930C2A1002D121D /* CoreVideoErrorCategory.hpp */,
				309011112930C2A1002D121D /* DisplayLink.hpp */,
			);
			path = corevideo;
			sourceTree = "<group>";
		};
		30B952F82920C60E007C8914 = {
			isa = PBXGroup;
			children = (
				3090110A292E9FB6002D121D /* appkit.cpp */,
				3023336C294033FD003114B4 /* coregraphics.cpp */,
				303B6AA4294E28D400A4DEC6 /* corevideo.cpp */,
				30B953122921B911007C8914 /* foundation.cpp */,
				30B9530D2920C8EB007C8914 /* Frameworks */,
				309010D6292B7833002D121D /* include */,
				30B953042920C60E007C8914 /* main.cpp */,
				30B953142921B9FB007C8914 /* metal.cpp */,
				30B953402921ED99007C8914 /* objc.cpp */,
				30B953022920C60E007C8914 /* Products */,
				309010FC292B7B72002D121D /* quartzcore.cpp */,
			);
			sourceTree = "<group>";
		};
		30B953022920C60E007C8914 /* Products */ = {
			isa = PBXGroup;
			children = (
				30B19E4D29273892002BA9A2 /* tests */,
			);
			name = Products;
			sourceTree = "<group>";
		};
		30B9530D2920C8EB007C8914 /* Frameworks */ = {
			isa = PBXGroup;
			children = (
				303B6AA6294F720F00A4DEC6 /* CoreVideo.framework */,
				30B19E59292738E1002BA9A2 /* Cocoa.framework */,
				30B953102920C8F1007C8914 /* Metal.framework */,
			);
			name = Frameworks;
			sourceTree = "<group>";
		};
/* End PBXGroup section */

/* Begin PBXNativeTarget section */
		30B19E4C29273892002BA9A2 /* tests */ = {
			isa = PBXNativeTarget;
			buildConfigurationList = 30B19E5129273892002BA9A2 /* Build configuration list for PBXNativeTarget "tests" */;
			buildPhases = (
				30B19E4929273892002BA9A2 /* Sources */,
				30B19E4A29273892002BA9A2 /* Frameworks */,
				30B19E4B29273892002BA9A2 /* CopyFiles */,
			);
			buildRules = (
			);
			dependencies = (
			);
			name = tests;
			productName = console_tests;
			productReference = 30B19E4D29273892002BA9A2 /* tests */;
			productType = "com.apple.product-type.tool";
		};
/* End PBXNativeTarget section */

/* Begin PBXProject section */
		30B952F92920C60E007C8914 /* Project object */ = {
			isa = PBXProject;
			attributes = {
				BuildIndependentTargetsInParallel = 1;
				LastUpgradeCheck = 1410;
				TargetAttributes = {
					30B19E4C29273892002BA9A2 = {
						CreatedOnToolsVersion = 14.1;
					};
				};
			};
			buildConfigurationList = 30B952FC2920C60E007C8914 /* Build configuration list for PBXProject "tests" */;
			compatibilityVersion = "Xcode 14.0";
			developmentRegion = en;
			hasScannedForEncodings = 0;
			knownRegions = (
				en,
				Base,
			);
			mainGroup = 30B952F82920C60E007C8914;
			productRefGroup = 30B953022920C60E007C8914 /* Products */;
			projectDirPath = "";
			projectRoot = "";
			targets = (
				30B19E4C29273892002BA9A2 /* tests */,
			);
		};
/* End PBXProject section */

/* Begin PBXSourcesBuildPhase section */
		30B19E4929273892002BA9A2 /* Sources */ = {
			isa = PBXSourcesBuildPhase;
			buildActionMask = 2147483647;
			files = (
				30B19E56292738A6002BA9A2 /* metal.cpp in Sources */,
				30B19E55292738A3002BA9A2 /* main.cpp in Sources */,
				309010FD292B7B72002D121D /* quartzcore.cpp in Sources */,
				30B19E54292738A0002BA9A2 /* foundation.cpp in Sources */,
				303B6AA5294E28D400A4DEC6 /* corevideo.cpp in Sources */,
				3023336D294033FE003114B4 /* coregraphics.cpp in Sources */,
				3090110C292EA3F9002D121D /* appkit.cpp in Sources */,
				30B19E57292738A8002BA9A2 /* objc.cpp in Sources */,
			);
			runOnlyForDeploymentPostprocessing = 0;
		};
/* End PBXSourcesBuildPhase section */

/* Begin XCBuildConfiguration section */
		30B19E5229273892002BA9A2 /* Debug */ = {
			isa = XCBuildConfiguration;
			buildSettings = {
				PRODUCT_NAME = "$(TARGET_NAME)";
			};
			name = Debug;
		};
		30B19E5329273892002BA9A2 /* Release */ = {
			isa = XCBuildConfiguration;
			buildSettings = {
				PRODUCT_NAME = "$(TARGET_NAME)";
			};
			name = Release;
		};
		30B953062920C60E007C8914 /* Debug */ = {
			isa = XCBuildConfiguration;
			buildSettings = {
				ALWAYS_SEARCH_USER_PATHS = NO;
				CLANG_ANALYZER_NONNULL = YES;
				CLANG_ANALYZER_NUMBER_OBJECT_CONVERSION = YES_AGGRESSIVE;
				CLANG_CXX_LANGUAGE_STANDARD = "c++17";
				CLANG_ENABLE_MODULES = YES;
				CLANG_ENABLE_OBJC_WEAK = YES;
				CLANG_WARN_ASSIGN_ENUM = YES;
				CLANG_WARN_BLOCK_CAPTURE_AUTORELEASING = YES;
				CLANG_WARN_BOOL_CONVERSION = YES;
				CLANG_WARN_COMMA = YES;
				CLANG_WARN_CONSTANT_CONVERSION = YES;
				CLANG_WARN_CXX0X_EXTENSIONS = YES;
				CLANG_WARN_DEPRECATED_OBJC_IMPLEMENTATIONS = YES;
				CLANG_WARN_DIRECT_OBJC_ISA_USAGE = YES_ERROR;
				CLANG_WARN_DOCUMENTATION_COMMENTS = YES;
				CLANG_WARN_EMPTY_BODY = YES;
				CLANG_WARN_ENUM_CONVERSION = YES;
				CLANG_WARN_FLOAT_CONVERSION = YES;
				CLANG_WARN_FRAMEWORK_INCLUDE_PRIVATE_FROM_PUBLIC = YES;
				CLANG_WARN_IMPLICIT_FALLTHROUGH = YES;
				CLANG_WARN_IMPLICIT_SIGN_CONVERSION = YES;
				CLANG_WARN_INFINITE_RECURSION = YES;
				CLANG_WARN_INT_CONVERSION = YES;
				CLANG_WARN_NON_LITERAL_NULL_CONVERSION = YES;
				CLANG_WARN_OBJC_IMPLICIT_RETAIN_SELF = YES;
				CLANG_WARN_OBJC_LITERAL_CONVERSION = YES;
				CLANG_WARN_OBJC_ROOT_CLASS = YES_ERROR;
				CLANG_WARN_QUOTED_INCLUDE_IN_FRAMEWORK_HEADER = YES;
				CLANG_WARN_RANGE_LOOP_ANALYSIS = YES;
				CLANG_WARN_SEMICOLON_BEFORE_METHOD_BODY = YES;
				CLANG_WARN_STRICT_PROTOTYPES = YES;
				CLANG_WARN_SUSPICIOUS_MOVE = YES;
				CLANG_WARN_UNGUARDED_AVAILABILITY = YES_AGGRESSIVE;
				CLANG_WARN_UNREACHABLE_CODE = YES;
				CLANG_WARN__DUPLICATE_METHOD_MATCH = YES;
				COPY_PHASE_STRIP = NO;
				DEBUG_INFORMATION_FORMAT = dwarf;
				ENABLE_STRICT_OBJC_MSGSEND = YES;
				ENABLE_TESTABILITY = YES;
				GCC_DYNAMIC_NO_PIC = NO;
				GCC_NO_COMMON_BLOCKS = YES;
				GCC_OPTIMIZATION_LEVEL = 0;
				GCC_PREPROCESSOR_DEFINITIONS = (
					"DEBUG=1",
					"$(inherited)",
				);
				GCC_TREAT_WARNINGS_AS_ERRORS = YES;
				GCC_WARN_64_TO_32_BIT_CONVERSION = YES;
				GCC_WARN_ABOUT_DEPRECATED_FUNCTIONS = NO;
				GCC_WARN_ABOUT_MISSING_FIELD_INITIALIZERS = YES;
				GCC_WARN_ABOUT_MISSING_NEWLINE = YES;
				GCC_WARN_ABOUT_MISSING_PROTOTYPES = YES;
				GCC_WARN_ABOUT_RETURN_TYPE = YES_ERROR;
				GCC_WARN_FOUR_CHARACTER_CONSTANTS = YES;
				GCC_WARN_HIDDEN_VIRTUAL_FUNCTIONS = YES;
				GCC_WARN_INITIALIZER_NOT_FULLY_BRACKETED = YES;
				GCC_WARN_SHADOW = YES;
				GCC_WARN_SIGN_COMPARE = YES;
				GCC_WARN_UNDECLARED_SELECTOR = YES;
				GCC_WARN_UNINITIALIZED_AUTOS = YES_AGGRESSIVE;
				GCC_WARN_UNKNOWN_PRAGMAS = YES;
				GCC_WARN_UNUSED_FUNCTION = YES;
				GCC_WARN_UNUSED_LABEL = YES;
				GCC_WARN_UNUSED_PARAMETER = YES;
				GCC_WARN_UNUSED_VARIABLE = YES;
				HEADER_SEARCH_PATHS = ../include;
				MACOSX_DEPLOYMENT_TARGET = 13.0;
				MTL_ENABLE_DEBUG_INFO = INCLUDE_SOURCE;
				MTL_FAST_MATH = YES;
				ONLY_ACTIVE_ARCH = YES;
				SDKROOT = macosx;
			};
			name = Debug;
		};
		30B953072920C60E007C8914 /* Release */ = {
			isa = XCBuildConfiguration;
			buildSettings = {
				ALWAYS_SEARCH_USER_PATHS = NO;
				CLANG_ANALYZER_NONNULL = YES;
				CLANG_ANALYZER_NUMBER_OBJECT_CONVERSION = YES_AGGRESSIVE;
				CLANG_CXX_LANGUAGE_STANDARD = "c++17";
				CLANG_ENABLE_MODULES = YES;
				CLANG_ENABLE_OBJC_WEAK = YES;
				CLANG_WARN_ASSIGN_ENUM = YES;
				CLANG_WARN_BLOCK_CAPTURE_AUTORELEASING = YES;
				CLANG_WARN_BOOL_CONVERSION = YES;
				CLANG_WARN_COMMA = YES;
				CLANG_WARN_CONSTANT_CONVERSION = YES;
				CLANG_WARN_CXX0X_EXTENSIONS = YES;
				CLANG_WARN_DEPRECATED_OBJC_IMPLEMENTATIONS = YES;
				CLANG_WARN_DIRECT_OBJC_ISA_USAGE = YES_ERROR;
				CLANG_WARN_DOCUMENTATION_COMMENTS = YES;
				CLANG_WARN_EMPTY_BODY = YES;
				CLANG_WARN_ENUM_CONVERSION = YES;
				CLANG_WARN_FLOAT_CONVERSION = YES;
				CLANG_WARN_FRAMEWORK_INCLUDE_PRIVATE_FROM_PUBLIC = YES;
				CLANG_WARN_IMPLICIT_FALLTHROUGH = YES;
				CLANG_WARN_IMPLICIT_SIGN_CONVERSION = YES;
				CLANG_WARN_INFINITE_RECURSION = YES;
				CLANG_WARN_INT_CONVERSION = YES;
				CLANG_WARN_NON_LITERAL_NULL_CONVERSION = YES;
				CLANG_WARN_OBJC_IMPLICIT_RETAIN_SELF = YES;
				CLANG_WARN_OBJC_LITERAL_CONVERSION = YES;
				CLANG_WARN_OBJC_ROOT_CLASS = YES_ERROR;
				CLANG_WARN_QUOTED_INCLUDE_IN_FRAMEWORK_HEADER = YES;
				CLANG_WARN_RANGE_LOOP_ANALYSIS = YES;
				CLANG_WARN_SEMICOLON_BEFORE_METHOD_BODY = YES;
				CLANG_WARN_STRICT_PROTOTYPES = YES;
				CLANG_WARN_SUSPICIOUS_MOVE = YES;
				CLANG_WARN_UNGUARDED_AVAILABILITY = YES_AGGRESSIVE;
				CLANG_WARN_UNREACHABLE_CODE = YES;
				CLANG_WARN__DUPLICATE_METHOD_MATCH = YES;
				COPY_PHASE_STRIP = NO;
				DEBUG_INFORMATION_FORMAT = "dwarf-with-dsym";
				ENABLE_NS_ASSERTIONS = NO;
				ENABLE_STRICT_OBJC_MSGSEND = YES;
				GCC_NO_COMMON_BLOCKS = YES;
				GCC_TREAT_WARNINGS_AS_ERRORS = YES;
				GCC_WARN_64_TO_32_BIT_CONVERSION = YES;
				GCC_WARN_ABOUT_DEPRECATED_FUNCTIONS = NO;
				GCC_WARN_ABOUT_MISSING_FIELD_INITIALIZERS = YES;
				GCC_WARN_ABOUT_MISSING_NEWLINE = YES;
				GCC_WARN_ABOUT_MISSING_PROTOTYPES = YES;
				GCC_WARN_ABOUT_RETURN_TYPE = YES_ERROR;
				GCC_WARN_FOUR_CHARACTER_CONSTANTS = YES;
				GCC_WARN_HIDDEN_VIRTUAL_FUNCTIONS = YES;
				GCC_WARN_INITIALIZER_NOT_FULLY_BRACKETED = YES;
				GCC_WARN_SHADOW = YES;
				GCC_WARN_SIGN_COMPARE = YES;
				GCC_WARN_UNDECLARED_SELECTOR = YES;
				GCC_WARN_UNINITIALIZED_AUTOS = YES_AGGRESSIVE;
				GCC_WARN_UNKNOWN_PRAGMAS = YES;
				GCC_WARN_UNUSED_FUNCTION = YES;
				GCC_WARN_UNUSED_LABEL = YES;
				GCC_WARN_UNUSED_PARAMETER = YES;
				GCC_WARN_UNUSED_VARIABLE = YES;
				HEADER_SEARCH_PATHS = ../include;
				MACOSX_DEPLOYMENT_TARGET = 13.0;
				MTL_ENABLE_DEBUG_INFO = NO;
				MTL_FAST_MATH = YES;
				SDKROOT = macosx;
			};
			name = Release;
		};
/* End XCBuildConfiguration section */

/* Begin XCConfigurationList section */
		30B19E5129273892002BA9A2 /* Build configuration list for PBXNativeTarget "tests" */ = {
			isa = XCConfigurationList;
			buildConfigurations = (
				30B19E5229273892002BA9A2 /* Debug */,
				30B19E5329273892002BA9A2 /* Release */,
			);
			defaultConfigurationIsVisible = 0;
			defaultConfigurationName = Release;
		};
		30B952FC2920C60E007C8914 /* Build configuration list for PBXProject "tests" */ = {
			isa = XCConfigurationList;
			buildConfigurations = (
				30B953062920C60E007C8914 /* Debug */,
				30B953072920C60E007C8914 /* Release */,
			);
			defaultConfigurationIsVisible = 0;
			defaultConfigurationName = Release;
		};
/* End XCConfigurationList section */
	};
	rootObject = 30B952F92920C60E007C8914 /* Project object */;
}
